
Microsoft Visual Studio Solution File, Format Version 12.00
# Visual Studio 14
VisualStudioVersion = 14.0.25420.1
MinimumVisualStudioVersion = 10.0.40219.1
Project("{FAE04EC0-301F-11D3-BF4B-00C04F79EFBC}") = "square area", "square area\square area.csproj", "{D3BEB336-F41F-4B01-83D9-FF835F89C513}"
EndProject
Project("{FAE04EC0-301F-11D3-BF4B-00C04F79EFBC}") = "inch to cm", "inch to cm\inch to cm.csproj", "{8D01C017-5686-474A-8BC9-BADF3D9DB00D}"
EndProject
Project("{FAE04EC0-301F-11D3-BF4B-00C04F79EFBC}") = "Greeting", "Greeting\Greeting.csproj", "{BBEAB814-8642-45D9-9A1B-AE4F665BD2EF}"
EndProject
Project("{FAE04EC0-301F-11D3-BF4B-00C04F79EFBC}") = "Concatenate-Data", "Concatenate-Data\Concatenate-Data.csproj", "{BA6C15E7-E21F-4B2A-99A3-BC0549D63F10}"
EndProject
Project("{FAE04EC0-301F-11D3-BF4B-00C04F79EFBC}") = "Trapezoidarea", "Trapezoidarea\Trapezoidarea.csproj", "{70A99382-435C-4594-A073-F8F917F63CA1}"
EndProject
Project("{FAE04EC0-301F-11D3-BF4B-00C04F79EFBC}") = "circlearea", "circlearea\circlearea.csproj", "{35E59A5C-7ED6-4B99-94AE-41CC645983F8}"
EndProject
Project("{FAE04EC0-301F-11D3-BF4B-00C04F79EFBC}") = "2d Rectangele", "2d Rectangele\2d Rectangele.csproj", "{DFFB77E6-F038-4613-8A1E-D250A1657CF2}"
EndProject
Project("{FAE04EC0-301F-11D3-BF4B-00C04F79EFBC}") = "lice na truigulnik", "lice na truigulnik\lice na truigulnik.csproj", "{5418A556-5690-43FB-AD9E-865B5B352538}"
EndProject
Project("{FAE04EC0-301F-11D3-BF4B-00C04F79EFBC}") = "converter c-f", "converter c-f\converter c-f.csproj", "{8CF340D2-C320-4211-861F-B82403714039}"
EndProject
Project("{FAE04EC0-301F-11D3-BF4B-00C04F79EFBC}") = "rad to degree", "rad to degree\rad to degree.csproj", "{0457D283-10BE-4589-94E6-FA06031AE7A6}"
EndProject
Project("{FAE04EC0-301F-11D3-BF4B-00C04F79EFBC}") = "USDtoBGN", "USDtoBGN\USDtoBGN.csproj", "{209D39B1-195B-4EBF-8936-4B6FCCF6413E}"
EndProject
Global
	GlobalSection(SolutionConfigurationPlatforms) = preSolution
		Debug|Any CPU = Debug|Any CPU
		Release|Any CPU = Release|Any CPU
	EndGlobalSection
	GlobalSection(ProjectConfigurationPlatforms) = postSolution
		{D3BEB336-F41F-4B01-83D9-FF835F89C513}.Debug|Any CPU.ActiveCfg = Debug|Any CPU
		{D3BEB336-F41F-4B01-83D9-FF835F89C513}.Debug|Any CPU.Build.0 = Debug|Any CPU
		{D3BEB336-F41F-4B01-83D9-FF835F89C513}.Release|Any CPU.ActiveCfg = Release|Any CPU
		{D3BEB336-F41F-4B01-83D9-FF835F89C513}.Release|Any CPU.Build.0 = Release|Any CPU
		{8D01C017-5686-474A-8BC9-BADF3D9DB00D}.Debug|Any CPU.ActiveCfg = Debug|Any CPU
		{8D01C017-5686-474A-8BC9-BADF3D9DB00D}.Debug|Any CPU.Build.0 = Debug|Any CPU
		{8D01C017-5686-474A-8BC9-BADF3D9DB00D}.Release|Any CPU.ActiveCfg = Release|Any CPU
		{8D01C017-5686-474A-8BC9-BADF3D9DB00D}.Release|Any CPU.Build.0 = Release|Any CPU
		{BBEAB814-8642-45D9-9A1B-AE4F665BD2EF}.Debug|Any CPU.ActiveCfg = Debug|Any CPU
		{BBEAB814-8642-45D9-9A1B-AE4F665BD2EF}.Debug|Any CPU.Build.0 = Debug|Any CPU
		{BBEAB814-8642-45D9-9A1B-AE4F665BD2EF}.Release|Any CPU.ActiveCfg = Release|Any CPU
		{BBEAB814-8642-45D9-9A1B-AE4F665BD2EF}.Release|Any CPU.Build.0 = Release|Any CPU
		{BA6C15E7-E21F-4B2A-99A3-BC0549D63F10}.Debug|Any CPU.ActiveCfg = Debug|Any CPU
		{BA6C15E7-E21F-4B2A-99A3-BC0549D63F10}.Debug|Any CPU.Build.0 = Debug|Any CPU
		{BA6C15E7-E21F-4B2A-99A3-BC0549D63F10}.Release|Any CPU.ActiveCfg = Release|Any CPU
		{BA6C15E7-E21F-4B2A-99A3-BC0549D63F10}.Release|Any CPU.Build.0 = Release|Any CPU
		{70A99382-435C-4594-A073-F8F917F63CA1}.Debug|Any CPU.ActiveCfg = Debug|Any CPU
		{70A99382-435C-4594-A073-F8F917F63CA1}.Debug|Any CPU.Build.0 = Debug|Any CPU
		{70A99382-435C-4594-A073-F8F917F63CA1}.Release|Any CPU.ActiveCfg = Release|Any CPU
		{70A99382-435C-4594-A073-F8F917F63CA1}.Release|Any CPU.Build.0 = Release|Any CPU
		{35E59A5C-7ED6-4B99-94AE-41CC645983F8}.Debug|Any CPU.ActiveCfg = Debug|Any CPU
		{35E59A5C-7ED6-4B99-94AE-41CC645983F8}.Debug|Any CPU.Build.0 = Debug|Any CPU
		{35E59A5C-7ED6-4B99-94AE-41CC645983F8}.Release|Any CPU.ActiveCfg = Release|Any CPU
		{35E59A5C-7ED6-4B99-94AE-41CC645983F8}.Release|Any CPU.Build.0 = Release|Any CPU
		{DFFB77E6-F038-4613-8A1E-D250A1657CF2}.Debug|Any CPU.ActiveCfg = Debug|Any CPU
		{DFFB77E6-F038-4613-8A1E-D250A1657CF2}.Debug|Any CPU.Build.0 = Debug|Any CPU
		{DFFB77E6-F038-4613-8A1E-D250A1657CF2}.Release|Any CPU.ActiveCfg = Release|Any CPU
		{DFFB77E6-F038-4613-8A1E-D250A1657CF2}.Release|Any CPU.Build.0 = Release|Any CPU
		{5418A556-5690-43FB-AD9E-865B5B352538}.Debug|Any CPU.ActiveCfg = Debug|Any CPU
		{5418A556-5690-43FB-AD9E-865B5B352538}.Debug|Any CPU.Build.0 = Debug|Any CPU
		{5418A556-5690-43FB-AD9E-865B5B352538}.Release|Any CPU.ActiveCfg = Release|Any CPU
		{5418A556-5690-43FB-AD9E-865B5B352538}.Release|Any CPU.Build.0 = Release|Any CPU
		{8CF340D2-C320-4211-861F-B82403714039}.Debug|Any CPU.ActiveCfg = Debug|Any CPU
		{8CF340D2-C320-4211-861F-B82403714039}.Debug|Any CPU.Build.0 = Debug|Any CPU
		{8CF340D2-C320-4211-861F-B82403714039}.Release|Any CPU.ActiveCfg = Release|Any CPU
		{8CF340D2-C320-4211-861F-B82403714039}.Release|Any CPU.Build.0 = Release|Any CPU
		{0457D283-10BE-4589-94E6-FA06031AE7A6}.Debug|Any CPU.ActiveCfg = Debug|Any CPU
		{0457D283-10BE-4589-94E6-FA06031AE7A6}.Debug|Any CPU.Build.0 = Debug|Any CPU
		{0457D283-10BE-4589-94E6-FA06031AE7A6}.Release|Any CPU.ActiveCfg = Release|Any CPU
		{0457D283-10BE-4589-94E6-FA06031AE7A6}.Release|Any CPU.Build.0 = Release|Any CPU
		{209D39B1-195B-4EBF-8936-4B6FCCF6413E}.Debug|Any CPU.ActiveCfg = Debug|Any CPU
		{209D39B1-195B-4EBF-8936-4B6FCCF6413E}.Debug|Any CPU.Build.0 = Debug|Any CPU
		{209D39B1-195B-4EBF-8936-4B6FCCF6413E}.Release|Any CPU.ActiveCfg = Release|Any CPU
		{209D39B1-195B-4EBF-8936-4B6FCCF6413E}.Release|Any CPU.Build.0 = Release|Any CPU
	EndGlobalSection
	GlobalSection(SolutionProperties) = preSolution
		HideSolutionNode = FALSE
	EndGlobalSection
EndGlobal
